<?xml version="1.0" encoding="utf-8"?>
<Project ToolsVersion="4.0" xmlns="http://schemas.microsoft.com/developer/msbuild/2003">
  <ItemGroup>
    <ClCompile Include="main.cpp" />
    <ClCompile Include="Background.cpp">
      <Filter>Contants\Background</Filter>
    </ClCompile>
    <ClCompile Include="BulletManager.cpp">
      <Filter>Contants\Manager</Filter>
    </ClCompile>
    <ClCompile Include="Collision.cpp">
      <Filter>Core\Collision</Filter>
    </ClCompile>
    <ClCompile Include="CollisionCircle.cpp">
      <Filter>Core\Collision</Filter>
    </ClCompile>
    <ClCompile Include="CollisionPoint.cpp">
      <Filter>Core\Collision</Filter>
    </ClCompile>
    <ClCompile Include="CollisionRectangle.cpp">
      <Filter>Core\Collision</Filter>
    </ClCompile>
    <ClCompile Include="Collider.cpp">
      <Filter>Core\Componet</Filter>
    </ClCompile>
    <ClCompile Include="EnemyManager.cpp">
      <Filter>Contants\Manager</Filter>
    </ClCompile>
    <ClCompile Include="GameObject.cpp">
      <Filter>Core\Object</Filter>
    </ClCompile>
    <ClCompile Include="Enemy.cpp">
      <Filter>Contants\Enemy</Filter>
    </ClCompile>
    <ClCompile Include="Framework.cpp">
      <Filter>Framework</Filter>
    </ClCompile>
    <ClCompile Include="InputManager.cpp">
      <Filter>Framework\Manager</Filter>
    </ClCompile>
    <ClCompile Include="ColliderManager.cpp">
      <Filter>Framework\Manager\ColliderManager</Filter>
    </ClCompile>
    <ClCompile Include="Object.cpp">
      <Filter>Core\Object</Filter>
    </ClCompile>
    <ClCompile Include="Player.cpp">
      <Filter>Contants\Player</Filter>
    </ClCompile>
    <ClCompile Include="SceneManager.cpp">
      <Filter>Framework\Manager</Filter>
    </ClCompile>
    <ClCompile Include="SpriteGameObject.cpp">
      <Filter>Core\Object</Filter>
    </ClCompile>
    <ClCompile Include="Utils.cpp">
      <Filter>Utils</Filter>
    </ClCompile>
    <ClCompile Include="stdafx.cpp">
      <Filter>Utils</Filter>
    </ClCompile>
    <ClCompile Include="Stat.cpp">
      <Filter>Contants</Filter>
    </ClCompile>
    <ClCompile Include="UIGameObject.cpp">
      <Filter>Core\Object\UI</Filter>
    </ClCompile>
    <ClCompile Include="UITextGameObject.cpp">
      <Filter>Core\Object\UI</Filter>
    </ClCompile>
    <ClCompile Include="Scene.cpp">
      <Filter>Core\Scene</Filter>
    </ClCompile>
    <ClCompile Include="SceneDev1.cpp">
      <Filter>Contants\Scene</Filter>
    </ClCompile>
    <ClCompile Include="SceneDev2.cpp">
      <Filter>Contants\Scene</Filter>
    </ClCompile>
    <ClCompile Include="Test.cpp">
      <Filter>Contants</Filter>
    </ClCompile>
    <ClCompile Include="TimeManager.cpp">
      <Filter>Framework\Manager</Filter>
    </ClCompile>
    <ClCompile Include="WindowManager.cpp">
      <Filter>Framework\Manager</Filter>
    </ClCompile>
    <ClCompile Include="Singleton.cpp">
      <Filter>Framework\Manager\Singleton</Filter>
    </ClCompile>
    <ClCompile Include="Entity.cpp">
      <Filter>Core\Entity</Filter>
    </ClCompile>
    <ClCompile Include="KeyAction.cpp">
      <Filter>Core\KeyInput</Filter>
    </ClCompile>
    <ClCompile Include="Resources.cpp">
      <Filter>Core\Resources</Filter>
    </ClCompile>
    <ClCompile Include="Bullet.cpp">
      <Filter>Contants\Bullet</Filter>
    </ClCompile>
    <ClCompile Include="PlayerBullet.cpp">
      <Filter>Contants\Bullet</Filter>
    </ClCompile>
    <ClCompile Include="EnemyBullet.cpp">
      <Filter>Contants\Bullet</Filter>
    </ClCompile>
    <ClCompile Include="GameManager.cpp">
      <Filter>Contants\Manager</Filter>
    </ClCompile>
    <ClCompile Include="Timer.cpp">
      <Filter>Contants\UI</Filter>
    </ClCompile>
    <ClCompile Include="ScoreTextObject.cpp">
      <Filter>Contants\UI</Filter>
    </ClCompile>
    <ClCompile Include="PlayerHPBar.cpp">
      <Filter>Contants\UI</Filter>
    </ClCompile>
  </ItemGroup>
  <ItemGroup>
    <ClInclude Include="Background.h">
      <Filter>Contants\Background</Filter>
    </ClInclude>
    <ClInclude Include="BulletManager.h">
      <Filter>Contants\Manager</Filter>
    </ClInclude>
    <ClInclude Include="Collision.h">
      <Filter>Core\Collision</Filter>
    </ClInclude>
    <ClInclude Include="CollisionCircle.h">
      <Filter>Core\Collision</Filter>
    </ClInclude>
    <ClInclude Include="CollisionPoint.h">
      <Filter>Core\Collision</Filter>
    </ClInclude>
    <ClInclude Include="CollisionRectangle.h">
      <Filter>Core\Collision</Filter>
    </ClInclude>
    <ClInclude Include="Collider.h">
      <Filter>Core\Componet</Filter>
    </ClInclude>
    <ClInclude Include="GameObject.h">
      <Filter>Core\Object</Filter>
    </ClInclude>
    <ClInclude Include="Enemy.h">
      <Filter>Contants\Enemy</Filter>
    </ClInclude>
    <ClInclude Include="Framework.h">
      <Filter>Framework</Filter>
    </ClInclude>
    <ClInclude Include="InputManager.h">
      <Filter>Framework\Manager</Filter>
    </ClInclude>
    <ClInclude Include="ColliderManager.h">
      <Filter>Framework\Manager\ColliderManager</Filter>
    </ClInclude>
    <ClInclude Include="Object.h">
      <Filter>Core\Object</Filter>
    </ClInclude>
    <ClInclude Include="Player.h">
      <Filter>Contants\Player</Filter>
    </ClInclude>
    <ClInclude Include="SceneManager.h">
      <Filter>Framework\Manager</Filter>
    </ClInclude>
    <ClInclude Include="SpriteGameObject.h">
      <Filter>Core\Object</Filter>
    </ClInclude>
    <ClInclude Include="Utils.h">
      <Filter>Utils</Filter>
    </ClInclude>
    <ClInclude Include="stdafx.h">
      <Filter>Utils</Filter>
    </ClInclude>
    <ClInclude Include="Stat.h">
      <Filter>Contants</Filter>
    </ClInclude>
    <ClInclude Include="UITextGameObject.h">
      <Filter>Core\Object\UI</Filter>
    </ClInclude>
    <ClInclude Include="UIGameObject.h">
      <Filter>Core\Object\UI</Filter>
    </ClInclude>
    <ClInclude Include="Scene.h">
      <Filter>Core\Scene</Filter>
    </ClInclude>
    <ClInclude Include="SceneDev2.h">
      <Filter>Contants\Scene</Filter>
    </ClInclude>
    <ClInclude Include="SceneDev1.h">
      <Filter>Contants\Scene</Filter>
    </ClInclude>
    <ClInclude Include="Test.h">
      <Filter>Contants</Filter>
    </ClInclude>
    <ClInclude Include="WindowManager.h">
      <Filter>Framework\Manager</Filter>
    </ClInclude>
    <ClInclude Include="TimeManager.h">
      <Filter>Framework\Manager</Filter>
    </ClInclude>
    <ClInclude Include="ResourcesManager.h">
      <Filter>Framework\Manager</Filter>
    </ClInclude>
    <ClInclude Include="Singleton.h">
      <Filter>Framework\Manager\Singleton</Filter>
    </ClInclude>
    <ClInclude Include="Core.h">
      <Filter>Utils</Filter>
    </ClInclude>
    <ClInclude Include="Defines.h">
      <Filter>Utils</Filter>
    </ClInclude>
    <ClInclude Include="Entity.h">
      <Filter>Core\Entity</Filter>
    </ClInclude>
    <ClInclude Include="KeyAction.h">
      <Filter>Core\KeyInput</Filter>
    </ClInclude>
    <ClInclude Include="Resources.h">
      <Filter>Core\Resources</Filter>
    </ClInclude>
    <ClInclude Include="Bullet.h">
      <Filter>Contants\Bullet</Filter>
    </ClInclude>
    <ClInclude Include="PlayerBullet.h">
      <Filter>Contants\Bullet</Filter>
    </ClInclude>
    <ClInclude Include="EnemyBullet.h">
      <Filter>Contants\Bullet</Filter>
    </ClInclude>
    <ClInclude Include="EnemyManager.h">
      <Filter>Contants\Manager</Filter>
    </ClInclude>
    <ClInclude Include="GameManager.h">
      <Filter>Contants\Manager</Filter>
    </ClInclude>
    <ClInclude Include="resource.h" />
    <ClInclude Include="Timer.h">
      <Filter>Contants\UI</Filter>
    </ClInclude>
    <ClInclude Include="ScoreTextObject.h">
      <Filter>Contants\UI</Filter>
    </ClInclude>
    <ClInclude Include="PlayerHPBar.h">
      <Filter>Contants\UI</Filter>
    </ClInclude>
  </ItemGroup>
  <ItemGroup>
    <Filter Include="Core">
      <UniqueIdentifier>{033e2f02-face-4f4d-ae0b-ca2de4b3e82b}</UniqueIdentifier>
    </Filter>
    <Filter Include="Contants">
      <UniqueIdentifier>{ebd409ef-553e-4b75-bd8d-eab9e2646c31}</UniqueIdentifier>
    </Filter>
    <Filter Include="Contants\Manager">
      <UniqueIdentifier>{4bb311d5-c9ed-4d60-b67c-7033d882eaf6}</UniqueIdentifier>
    </Filter>
    <Filter Include="Contants\Enemy">
      <UniqueIdentifier>{cd38ba38-804b-467c-b70e-769dc26d367c}</UniqueIdentifier>
    </Filter>
    <Filter Include="Contants\Player">
      <UniqueIdentifier>{4f305a05-d44e-4f9e-8f54-d5f6e11ff221}</UniqueIdentifier>
    </Filter>
    <Filter Include="Contants\Background">
      <UniqueIdentifier>{0d68561e-5aad-4b1b-8b41-f0c528162c7d}</UniqueIdentifier>
    </Filter>
    <Filter Include="Core\Collision">
      <UniqueIdentifier>{f9666a47-0b21-4eec-829f-e30085da0ebe}</UniqueIdentifier>
    </Filter>
    <Filter Include="Core\Componet">
      <UniqueIdentifier>{6f0f53b0-a0ab-4f85-a034-21bd7d0f93b8}</UniqueIdentifier>
    </Filter>
    <Filter Include="Core\Object">
      <UniqueIdentifier>{1d871b67-857d-4d2a-90f4-93b341a810c3}</UniqueIdentifier>
    </Filter>
    <Filter Include="Framework">
      <UniqueIdentifier>{d065ac36-9715-41e6-903a-c49b14455538}</UniqueIdentifier>
    </Filter>
    <Filter Include="Utils">
      <UniqueIdentifier>{b3643b87-5a49-4984-bab1-9ecc8e9be81f}</UniqueIdentifier>
    </Filter>
    <Filter Include="Core\Object\UI">
      <UniqueIdentifier>{719557e9-bb90-44eb-a274-4f8e11c63f5b}</UniqueIdentifier>
    </Filter>
    <Filter Include="Core\Scene">
      <UniqueIdentifier>{7ccebcf9-8d74-4274-8cc2-f1bb785c4b69}</UniqueIdentifier>
    </Filter>
    <Filter Include="Contants\Scene">
      <UniqueIdentifier>{a0343996-60f8-45b2-80ba-10f911f49b88}</UniqueIdentifier>
    </Filter>
    <Filter Include="Framework\Manager">
      <UniqueIdentifier>{4485f072-c56c-477b-8d80-7b48d142cc90}</UniqueIdentifier>
    </Filter>
    <Filter Include="Framework\Manager\ColliderManager">
      <UniqueIdentifier>{8e4bcf04-ae1d-4788-a522-2878c2bafbab}</UniqueIdentifier>
    </Filter>
    <Filter Include="Framework\Manager\Singleton">
      <UniqueIdentifier>{de0f2bbf-095d-4041-a87b-7e5f69dd23e0}</UniqueIdentifier>
    </Filter>
    <Filter Include="Core\Entity">
      <UniqueIdentifier>{649e3e00-b793-4d89-99f4-c4e49f7368b2}</UniqueIdentifier>
    </Filter>
    <Filter Include="Core\KeyInput">
      <UniqueIdentifier>{99d9350c-4c17-450a-ae3e-f159944e44c6}</UniqueIdentifier>
    </Filter>
    <Filter Include="Core\Resources">
      <UniqueIdentifier>{097226e5-ec6d-4efd-a8e8-6ea8554301ce}</UniqueIdentifier>
    </Filter>
    <Filter Include="Contants\Bullet">
      <UniqueIdentifier>{716e0225-56bb-43f3-be71-50d9afc68dc5}</UniqueIdentifier>
    </Filter>
    <Filter Include="Contants\UI">
      <UniqueIdentifier>{a89c67c2-1bb9-426a-b4fc-4ae5810d17c0}</UniqueIdentifier>
    </Filter>
  </ItemGroup>
  <ItemGroup>
    <ResourceCompile Include="SFMLProject.rc" />
  </ItemGroup>
</Project>