<?xml version="1.0" encoding="utf-8"?>
<Project ToolsVersion="4.0" xmlns="http://schemas.microsoft.com/developer/msbuild/2003">
  <ItemGroup>
    <Filter Include="소스 파일">
      <UniqueIdentifier>{4FC737F1-C7A5-4376-A066-2A32D752A2FF}</UniqueIdentifier>
      <Extensions>cpp;c;cc;cxx;c++;cppm;ixx;def;odl;idl;hpj;bat;asm;asmx</Extensions>
    </Filter>
    <Filter Include="헤더 파일">
      <UniqueIdentifier>{93995380-89BD-4b04-88EB-625FBE52EBFB}</UniqueIdentifier>
      <Extensions>h;hh;hpp;hxx;h++;hm;inl;inc;ipp;xsd</Extensions>
    </Filter>
    <Filter Include="리소스 파일">
      <UniqueIdentifier>{67DA6AB6-F800-4c08-8B7A-83BB121AAD01}</UniqueIdentifier>
      <Extensions>rc;ico;cur;bmp;dlg;rc2;rct;bin;rgs;gif;jpg;jpeg;jpe;resx;tiff;tif;png;wav;mfcribbon-ms</Extensions>
    </Filter>
    <Filter Include="Manager">
      <UniqueIdentifier>{cbb9e0a6-6624-4e04-835b-0c7ee13d6398}</UniqueIdentifier>
    </Filter>
    <Filter Include="Manager\1. Singleton">
      <UniqueIdentifier>{7d2f06e4-5843-42c9-9145-4c902b01e58e}</UniqueIdentifier>
    </Filter>
    <Filter Include="Manager\4. TimeManager">
      <UniqueIdentifier>{a29a16d0-0031-4b0e-927b-5e102c918f8b}</UniqueIdentifier>
    </Filter>
    <Filter Include="Manager\3. ResourcesManager">
      <UniqueIdentifier>{ee12dc71-27b9-4bab-942a-c8d3b4d51134}</UniqueIdentifier>
    </Filter>
    <Filter Include="Manager\2. InputManager">
      <UniqueIdentifier>{29e1335b-618f-4430-8a16-6607cdfd8653}</UniqueIdentifier>
    </Filter>
    <Filter Include="Core">
      <UniqueIdentifier>{f2828a87-ba93-4592-a082-eb587de7f2b3}</UniqueIdentifier>
    </Filter>
    <Filter Include="Manager\EventManager">
      <UniqueIdentifier>{4744bf83-38b2-49b5-87d9-4e69b57f8e02}</UniqueIdentifier>
    </Filter>
    <Filter Include="Manager\5. SceneManager">
      <UniqueIdentifier>{5d357d44-568b-4b78-9601-eec285bb1b82}</UniqueIdentifier>
    </Filter>
    <Filter Include="Core\Utils">
      <UniqueIdentifier>{42ae1fc0-c546-4d7b-aa1a-a72cf1c8dcc9}</UniqueIdentifier>
    </Filter>
    <Filter Include="Manager\6. ColliderManager">
      <UniqueIdentifier>{6d72ffce-95d8-4075-a8cc-e41e777a23ae}</UniqueIdentifier>
    </Filter>
    <Filter Include="Manager\7. WindowManager">
      <UniqueIdentifier>{8e589d71-a8af-4d2a-bce8-e56e50c5dd16}</UniqueIdentifier>
    </Filter>
    <Filter Include="Core\Object">
      <UniqueIdentifier>{e6f70e50-bc42-4c8c-b753-49d6737d51b9}</UniqueIdentifier>
    </Filter>
    <Filter Include="Core\Object\UI">
      <UniqueIdentifier>{3ca163a0-826a-44b2-9c7f-b72e53eed20d}</UniqueIdentifier>
    </Filter>
    <Filter Include="Core\Object\GameObject">
      <UniqueIdentifier>{2bf2f865-c382-47d6-8da9-93b6060f9507}</UniqueIdentifier>
    </Filter>
    <Filter Include="Core\0. define">
      <UniqueIdentifier>{9fd34642-d56e-4549-9d57-bb1c19c91e83}</UniqueIdentifier>
    </Filter>
    <Filter Include="Core\0. Framework">
      <UniqueIdentifier>{62dfbdd2-5b33-457f-8bf7-7ada7d2ac1bd}</UniqueIdentifier>
    </Filter>
    <Filter Include="Core\1. Entity">
      <UniqueIdentifier>{3594ac28-1dfb-46fb-9661-4e1dfbc195b1}</UniqueIdentifier>
    </Filter>
    <Filter Include="Core\2. KeyAction">
      <UniqueIdentifier>{cce3386d-a812-44c1-8842-ee9d608a4eee}</UniqueIdentifier>
    </Filter>
    <Filter Include="Core\3. Resources">
      <UniqueIdentifier>{0eb9f089-86ee-4ef3-b53d-a2b9dc4f54c5}</UniqueIdentifier>
    </Filter>
    <Filter Include="Core\5. Scene">
      <UniqueIdentifier>{a88923db-d80c-40e0-a228-7c5f3e66d9b4}</UniqueIdentifier>
    </Filter>
    <Filter Include="Core\6. Collision">
      <UniqueIdentifier>{d6fa543b-33b9-4d42-b3e9-bd1ce6ac07d3}</UniqueIdentifier>
    </Filter>
  </ItemGroup>
  <ItemGroup>
    <ClCompile Include="main.cpp">
      <Filter>소스 파일</Filter>
    </ClCompile>
    <ClCompile Include="InputManager.cpp">
      <Filter>Manager\2. InputManager</Filter>
    </ClCompile>
    <ClCompile Include="TimeManager.cpp">
      <Filter>Manager\4. TimeManager</Filter>
    </ClCompile>
    <ClCompile Include="Entity.cpp">
      <Filter>Core\1. Entity</Filter>
    </ClCompile>
    <ClCompile Include="Object.cpp">
      <Filter>Core\Object</Filter>
    </ClCompile>
    <ClCompile Include="WindowManager.cpp">
      <Filter>Manager\7. WindowManager</Filter>
    </ClCompile>
    <ClCompile Include="Singleton.cpp">
      <Filter>Manager\1. Singleton</Filter>
    </ClCompile>
    <ClCompile Include="Framework.cpp">
      <Filter>Core\0. Framework</Filter>
    </ClCompile>
    <ClCompile Include="Resources.cpp">
      <Filter>Core\3. Resources</Filter>
    </ClCompile>
    <ClCompile Include="KeyAction.cpp">
      <Filter>Core\2. KeyAction</Filter>
    </ClCompile>
    <ClCompile Include="Collision.cpp">
      <Filter>Core\6. Collision</Filter>
    </ClCompile>
    <ClCompile Include="CollisionCircle.cpp">
      <Filter>Core\6. Collision</Filter>
    </ClCompile>
    <ClCompile Include="CollisionPoint.cpp">
      <Filter>Core\6. Collision</Filter>
    </ClCompile>
    <ClCompile Include="CollisionRectangle.cpp">
      <Filter>Core\6. Collision</Filter>
    </ClCompile>
    <ClCompile Include="Collider.cpp">
      <Filter>Core\6. Collision</Filter>
    </ClCompile>
    <ClCompile Include="UITextGameObject.cpp">
      <Filter>Core\Object\UI</Filter>
    </ClCompile>
    <ClCompile Include="UIGameObject.cpp">
      <Filter>Core\Object\UI</Filter>
    </ClCompile>
    <ClCompile Include="Utils.cpp">
      <Filter>Core\Utils</Filter>
    </ClCompile>
    <ClCompile Include="stdafx.cpp">
      <Filter>Core\0. define</Filter>
    </ClCompile>
    <ClCompile Include="SceneManager.cpp">
      <Filter>Manager\5. SceneManager</Filter>
    </ClCompile>
    <ClCompile Include="GameObject.cpp">
      <Filter>Core\Object\GameObject</Filter>
    </ClCompile>
    <ClCompile Include="SpriteGameObject.cpp">
      <Filter>Core\Object\GameObject</Filter>
    </ClCompile>
    <ClCompile Include="Scene.cpp">
      <Filter>Core\5. Scene</Filter>
    </ClCompile>
    <ClCompile Include="ColliderManager.cpp">
      <Filter>Manager\6. ColliderManager</Filter>
    </ClCompile>
    <ClCompile Include="SceneDev1.cpp">
      <Filter>Core\5. Scene</Filter>
    </ClCompile>
    <ClCompile Include="SceneDev2.cpp">
      <Filter>Core\5. Scene</Filter>
    </ClCompile>
  </ItemGroup>
  <ItemGroup>
    <ClInclude Include="Singleton.h">
      <Filter>Manager\1. Singleton</Filter>
    </ClInclude>
    <ClInclude Include="InputManager.h">
      <Filter>Manager\2. InputManager</Filter>
    </ClInclude>
    <ClInclude Include="ResourcesManager.h">
      <Filter>Manager\3. ResourcesManager</Filter>
    </ClInclude>
    <ClInclude Include="TimeManager.h">
      <Filter>Manager\4. TimeManager</Filter>
    </ClInclude>
    <ClInclude Include="Entity.h">
      <Filter>Core\1. Entity</Filter>
    </ClInclude>
    <ClInclude Include="Object.h">
      <Filter>Core\Object</Filter>
    </ClInclude>
    <ClInclude Include="WindowManager.h">
      <Filter>Manager\7. WindowManager</Filter>
    </ClInclude>
    <ClInclude Include="Framework.h">
      <Filter>Core\0. Framework</Filter>
    </ClInclude>
    <ClInclude Include="Resources.h">
      <Filter>Core\3. Resources</Filter>
    </ClInclude>
    <ClInclude Include="KeyAction.h">
      <Filter>Core\2. KeyAction</Filter>
    </ClInclude>
    <ClInclude Include="CollisionPoint.h">
      <Filter>Core\6. Collision</Filter>
    </ClInclude>
    <ClInclude Include="Collision.h">
      <Filter>Core\6. Collision</Filter>
    </ClInclude>
    <ClInclude Include="CollisionCircle.h">
      <Filter>Core\6. Collision</Filter>
    </ClInclude>
    <ClInclude Include="CollisionRectangle.h">
      <Filter>Core\6. Collision</Filter>
    </ClInclude>
    <ClInclude Include="Collider.h">
      <Filter>Core\6. Collision</Filter>
    </ClInclude>
    <ClInclude Include="UITextGameObject.h">
      <Filter>Core\Object\UI</Filter>
    </ClInclude>
    <ClInclude Include="UIGameObject.h">
      <Filter>Core\Object\UI</Filter>
    </ClInclude>
    <ClInclude Include="Utils.h">
      <Filter>Core\Utils</Filter>
    </ClInclude>
    <ClInclude Include="stdafx.h">
      <Filter>Core\0. define</Filter>
    </ClInclude>
    <ClInclude Include="Core.h">
      <Filter>Core\0. define</Filter>
    </ClInclude>
    <ClInclude Include="SceneManager.h">
      <Filter>Manager\5. SceneManager</Filter>
    </ClInclude>
    <ClInclude Include="GameObject.h">
      <Filter>Core\Object\GameObject</Filter>
    </ClInclude>
    <ClInclude Include="SpriteGameObject.h">
      <Filter>Core\Object\GameObject</Filter>
    </ClInclude>
    <ClInclude Include="Scene.h">
      <Filter>Core\5. Scene</Filter>
    </ClInclude>
    <ClInclude Include="ColliderManager.h">
      <Filter>Manager\6. ColliderManager</Filter>
    </ClInclude>
    <ClInclude Include="Defines.h">
      <Filter>Core\0. define</Filter>
    </ClInclude>
    <ClInclude Include="SceneDev1.h">
      <Filter>Core\5. Scene</Filter>
    </ClInclude>
    <ClInclude Include="SceneDev2.h">
      <Filter>Core\5. Scene</Filter>
    </ClInclude>
  </ItemGroup>
</Project>